
Microsoft Visual Studio Solution File, Format Version 12.00
# Visual Studio Version 17
VisualStudioVersion = 17.1.32210.238
MinimumVisualStudioVersion = 10.0.40219.1
Project("{FAE04EC0-301F-11D3-BF4B-00C04F79EFBC}") = "EmlakClassLibrary", "..\EmlakClassLibrary\EmlakClassLibrary.csproj", "{0DB4CA10-C7C2-4AE8-BC53-29C87F9BD12F}"
EndProject
Project("{FAE04EC0-301F-11D3-BF4B-00C04F79EFBC}") = "Emlak", "Emlak.csproj", "{FA5BDFE6-E95C-4FBE-8774-1432B10CB129}"
EndProject
Global
	GlobalSection(SolutionConfigurationPlatforms) = preSolution
		Debug|Any CPU = Debug|Any CPU
		Release|Any CPU = Release|Any CPU
	EndGlobalSection
	GlobalSection(ProjectConfigurationPlatforms) = postSolution
		{0DB4CA10-C7C2-4AE8-BC53-29C87F9BD12F}.Debug|Any CPU.ActiveCfg = Debug|Any CPU
		{0DB4CA10-C7C2-4AE8-BC53-29C87F9BD12F}.Debug|Any CPU.Build.0 = Debug|Any CPU
		{0DB4CA10-C7C2-4AE8-BC53-29C87F9BD12F}.Release|Any CPU.ActiveCfg = Release|Any CPU
		{0DB4CA10-C7C2-4AE8-BC53-29C87F9BD12F}.Release|Any CPU.Build.0 = Release|Any CPU
		{FA5BDFE6-E95C-4FBE-8774-1432B10CB129}.Debug|Any CPU.ActiveCfg = Debug|Any CPU
		{FA5BDFE6-E95C-4FBE-8774-1432B10CB129}.Debug|Any CPU.Build.0 = Debug|Any CPU
		{FA5BDFE6-E95C-4FBE-8774-1432B10CB129}.Release|Any CPU.ActiveCfg = Release|Any CPU
		{FA5BDFE6-E95C-4FBE-8774-1432B10CB129}.Release|Any CPU.Build.0 = Release|Any CPU
	EndGlobalSection
	GlobalSection(SolutionProperties) = preSolution
		HideSolutionNode = FALSE
	EndGlobalSection
	GlobalSection(ExtensibilityGlobals) = postSolution
		SolutionGuid = {CF6E7674-8CB3-45F4-8478-AF96603D433B}
	EndGlobalSection
EndGlobal
